// !$*UTF8*$!
{
	archiveVersion = 1;
	classes = {
	};
	objectVersion = 55;
	objects = {

/* Begin PBXBuildFile section */
		3D798AD42715D785005F79DE /* StorageManager.swift in Sources */ = {isa = PBXBuildFile; fileRef = 3D798AD32715D785005F79DE /* StorageManager.swift */; };
		3D798AD6271713E2005F79DE /* RatingControl.swift in Sources */ = {isa = PBXBuildFile; fileRef = 3D798AD5271713E2005F79DE /* RatingControl.swift */; };
		3D90ABAF2712CA470033496D /* AppDelegate.swift in Sources */ = {isa = PBXBuildFile; fileRef = 3D90ABAE2712CA470033496D /* AppDelegate.swift */; };
		3D90ABB12712CA470033496D /* SceneDelegate.swift in Sources */ = {isa = PBXBuildFile; fileRef = 3D90ABB02712CA470033496D /* SceneDelegate.swift */; };
		3D90ABB62712CA470033496D /* Main.storyboard in Resources */ = {isa = PBXBuildFile; fileRef = 3D90ABB42712CA470033496D /* Main.storyboard */; };
		3D90ABB82712CA480033496D /* Assets.xcassets in Resources */ = {isa = PBXBuildFile; fileRef = 3D90ABB72712CA480033496D /* Assets.xcassets */; };
		3D90ABBB2712CA480033496D /* LaunchScreen.storyboard in Resources */ = {isa = PBXBuildFile; fileRef = 3D90ABB92712CA480033496D /* LaunchScreen.storyboard */; };
		3D90ABC32712CECC0033496D /* MainViewController.swift in Sources */ = {isa = PBXBuildFile; fileRef = 3D90ABC22712CECC0033496D /* MainViewController.swift */; };
		3D90ABC52712EF3A0033496D /* CustomTableViewCell.swift in Sources */ = {isa = PBXBuildFile; fileRef = 3D90ABC42712EF3A0033496D /* CustomTableViewCell.swift */; };
		3D90ABC727131B700033496D /* PlaceModel.swift in Sources */ = {isa = PBXBuildFile; fileRef = 3D90ABC627131B700033496D /* PlaceModel.swift */; };
		3D90ABC9271334AD0033496D /* NewPlaceViewController.swift in Sources */ = {isa = PBXBuildFile; fileRef = 3D90ABC8271334AD0033496D /* NewPlaceViewController.swift */; };
		3DF860CE27181C630033315D /* MapViewController.swift in Sources */ = {isa = PBXBuildFile; fileRef = 3DF860CD27181C630033315D /* MapViewController.swift */; };
		3DF860D02719833C0033315D /* MapManager.swift in Sources */ = {isa = PBXBuildFile; fileRef = 3DF860CF2719833C0033315D /* MapManager.swift */; };
		EE846C045EEC46C9A8EADF80 /* Pods_MyPlaces.framework in Frameworks */ = {isa = PBXBuildFile; fileRef = D4DE07DD6B5362B4ED141D80 /* Pods_MyPlaces.framework */; };
/* End PBXBuildFile section */

/* Begin PBXFileReference section */
		34999BBAA1C8A9A58898414F /* Pods-MyPlaces.debug.xcconfig */ = {isa = PBXFileReference; includeInIndex = 1; lastKnownFileType = text.xcconfig; name = "Pods-MyPlaces.debug.xcconfig"; path = "Target Support Files/Pods-MyPlaces/Pods-MyPlaces.debug.xcconfig"; sourceTree = "<group>"; };
		3D798AD32715D785005F79DE /* StorageManager.swift */ = {isa = PBXFileReference; lastKnownFileType = sourcecode.swift; path = StorageManager.swift; sourceTree = "<group>"; };
		3D798AD5271713E2005F79DE /* RatingControl.swift */ = {isa = PBXFileReference; lastKnownFileType = sourcecode.swift; path = RatingControl.swift; sourceTree = "<group>"; };
		3D90ABAB2712CA470033496D /* MyPlaces.app */ = {isa = PBXFileReference; explicitFileType = wrapper.application; includeInIndex = 0; path = MyPlaces.app; sourceTree = BUILT_PRODUCTS_DIR; };
		3D90ABAE2712CA470033496D /* AppDelegate.swift */ = {isa = PBXFileReference; lastKnownFileType = sourcecode.swift; path = AppDelegate.swift; sourceTree = "<group>"; };
		3D90ABB02712CA470033496D /* SceneDelegate.swift */ = {isa = PBXFileReference; lastKnownFileType = sourcecode.swift; path = SceneDelegate.swift; sourceTree = "<group>"; };
		3D90ABB52712CA470033496D /* Base */ = {isa = PBXFileReference; lastKnownFileType = file.storyboard; name = Base; path = Base.lproj/Main.storyboard; sourceTree = "<group>"; };
		3D90ABB72712CA480033496D /* Assets.xcassets */ = {isa = PBXFileReference; lastKnownFileType = folder.assetcatalog; path = Assets.xcassets; sourceTree = "<group>"; };
		3D90ABBA2712CA480033496D /* Base */ = {isa = PBXFileReference; lastKnownFileType = file.storyboard; name = Base; path = Base.lproj/LaunchScreen.storyboard; sourceTree = "<group>"; };
		3D90ABBC2712CA480033496D /* Info.plist */ = {isa = PBXFileReference; lastKnownFileType = text.plist.xml; path = Info.plist; sourceTree = "<group>"; };
		3D90ABC22712CECC0033496D /* MainViewController.swift */ = {isa = PBXFileReference; lastKnownFileType = sourcecode.swift; path = MainViewController.swift; sourceTree = "<group>"; };
		3D90ABC42712EF3A0033496D /* CustomTableViewCell.swift */ = {isa = PBXFileReference; lastKnownFileType = sourcecode.swift; path = CustomTableViewCell.swift; sourceTree = "<group>"; };
		3D90ABC627131B700033496D /* PlaceModel.swift */ = {isa = PBXFileReference; lastKnownFileType = sourcecode.swift; path = PlaceModel.swift; sourceTree = "<group>"; };
		3D90ABC8271334AD0033496D /* NewPlaceViewController.swift */ = {isa = PBXFileReference; lastKnownFileType = sourcecode.swift; path = NewPlaceViewController.swift; sourceTree = "<group>"; };
		3DF860CD27181C630033315D /* MapViewController.swift */ = {isa = PBXFileReference; lastKnownFileType = sourcecode.swift; path = MapViewController.swift; sourceTree = "<group>"; };
		3DF860CF2719833C0033315D /* MapManager.swift */ = {isa = PBXFileReference; lastKnownFileType = sourcecode.swift; path = MapManager.swift; sourceTree = "<group>"; };
		D41EAE98034CCB512BFC5EBA /* Pods-MyPlaces.release.xcconfig */ = {isa = PBXFileReference; includeInIndex = 1; lastKnownFileType = text.xcconfig; name = "Pods-MyPlaces.release.xcconfig"; path = "Target Support Files/Pods-MyPlaces/Pods-MyPlaces.release.xcconfig"; sourceTree = "<group>"; };
		D4DE07DD6B5362B4ED141D80 /* Pods_MyPlaces.framework */ = {isa = PBXFileReference; explicitFileType = wrapper.framework; includeInIndex = 0; path = Pods_MyPlaces.framework; sourceTree = BUILT_PRODUCTS_DIR; };
/* End PBXFileReference section */

/* Begin PBXFrameworksBuildPhase section */
		3D90ABA82712CA470033496D /* Frameworks */ = {
			isa = PBXFrameworksBuildPhase;
			buildActionMask = 2147483647;
			files = (
				EE846C045EEC46C9A8EADF80 /* Pods_MyPlaces.framework in Frameworks */,
			);
			runOnlyForDeploymentPostprocessing = 0;
		};
/* End PBXFrameworksBuildPhase section */

/* Begin PBXGroup section */
		3D90ABA22712CA470033496D = {
			isa = PBXGroup;
			children = (
				3D90ABAD2712CA470033496D /* MyPlaces */,
				3D90ABAC2712CA470033496D /* Products */,
				C1D8998F79A84C9D2ACA9D63 /* Pods */,
				F17C8E189BCBCDF0C9A81227 /* Frameworks */,
			);
			sourceTree = "<group>";
		};
		3D90ABAC2712CA470033496D /* Products */ = {
			isa = PBXGroup;
			children = (
				3D90ABAB2712CA470033496D /* MyPlaces.app */,
			);
			name = Products;
			sourceTree = "<group>";
		};
		3D90ABAD2712CA470033496D /* MyPlaces */ = {
			isa = PBXGroup;
			children = (
				3DF860D1271999D60033315D /* ViewControllers */,
				3DF860D327199A230033315D /* Helpers */,
				3DF860D227199A150033315D /* Models */,
				3DF860D427199A5C0033315D /* Support Files */,
				3DF860D527199AA60033315D /* IBuilder */,
				3D90ABBC2712CA480033496D /* Info.plist */,
			);
			path = MyPlaces;
			sourceTree = "<group>";
		};
		3DF860D1271999D60033315D /* ViewControllers */ = {
			isa = PBXGroup;
			children = (
				3D90ABC22712CECC0033496D /* MainViewController.swift */,
				3D90ABC8271334AD0033496D /* NewPlaceViewController.swift */,
				3DF860CD27181C630033315D /* MapViewController.swift */,
				3D90ABC42712EF3A0033496D /* CustomTableViewCell.swift */,
			);
			path = ViewControllers;
			sourceTree = "<group>";
		};
		3DF860D227199A150033315D /* Models */ = {
			isa = PBXGroup;
			children = (
				3D90ABC627131B700033496D /* PlaceModel.swift */,
			);
			path = Models;
			sourceTree = "<group>";
		};
		3DF860D327199A230033315D /* Helpers */ = {
			isa = PBXGroup;
			children = (
				3DF860CF2719833C0033315D /* MapManager.swift */,
				3D798AD32715D785005F79DE /* StorageManager.swift */,
				3D798AD5271713E2005F79DE /* RatingControl.swift */,
			);
			path = Helpers;
			sourceTree = "<group>";
		};
		3DF860D427199A5C0033315D /* Support Files */ = {
			isa = PBXGroup;
			children = (
				3D90ABAE2712CA470033496D /* AppDelegate.swift */,
				3D90ABB02712CA470033496D /* SceneDelegate.swift */,
				3D90ABB72712CA480033496D /* Assets.xcassets */,
			);
			path = "Support Files";
			sourceTree = "<group>";
		};
		3DF860D527199AA60033315D /* IBuilder */ = {
			isa = PBXGroup;
			children = (
				3D90ABB42712CA470033496D /* Main.storyboard */,
				3D90ABB92712CA480033496D /* LaunchScreen.storyboard */,
			);
			path = IBuilder;
			sourceTree = "<group>";
		};
		C1D8998F79A84C9D2ACA9D63 /* Pods */ = {
			isa = PBXGroup;
			children = (
				34999BBAA1C8A9A58898414F /* Pods-MyPlaces.debug.xcconfig */,
				D41EAE98034CCB512BFC5EBA /* Pods-MyPlaces.release.xcconfig */,
			);
			path = Pods;
			sourceTree = "<group>";
		};
		F17C8E189BCBCDF0C9A81227 /* Frameworks */ = {
			isa = PBXGroup;
			children = (
				D4DE07DD6B5362B4ED141D80 /* Pods_MyPlaces.framework */,
			);
			name = Frameworks;
			sourceTree = "<group>";
		};
/* End PBXGroup section */

/* Begin PBXNativeTarget section */
		3D90ABAA2712CA470033496D /* MyPlaces */ = {
			isa = PBXNativeTarget;
			buildConfigurationList = 3D90ABBF2712CA480033496D /* Build configuration list for PBXNativeTarget "MyPlaces" */;
			buildPhases = (
				697B941F0978525DE82C8B0E /* [CP] Check Pods Manifest.lock */,
				3D90ABA72712CA470033496D /* Sources */,
				3D90ABA82712CA470033496D /* Frameworks */,
				3D90ABA92712CA470033496D /* Resources */,
				D8906515ED06D6E77CBEEA15 /* [CP] Embed Pods Frameworks */,
			);
			buildRules = (
			);
			dependencies = (
			);
			name = MyPlaces;
			productName = MyPlaces;
			productReference = 3D90ABAB2712CA470033496D /* MyPlaces.app */;
			productType = "com.apple.product-type.application";
		};
/* End PBXNativeTarget section */

/* Begin PBXProject section */
		3D90ABA32712CA470033496D /* Project object */ = {
			isa = PBXProject;
			attributes = {
				BuildIndependentTargetsInParallel = 1;
				LastSwiftUpdateCheck = 1300;
				LastUpgradeCheck = 1300;
				TargetAttributes = {
					3D90ABAA2712CA470033496D = {
						CreatedOnToolsVersion = 13.0;
					};
				};
			};
			buildConfigurationList = 3D90ABA62712CA470033496D /* Build configuration list for PBXProject "MyPlaces" */;
			compatibilityVersion = "Xcode 13.0";
			developmentRegion = en;
			hasScannedForEncodings = 0;
			knownRegions = (
				en,
				Base,
			);
			mainGroup = 3D90ABA22712CA470033496D;
			productRefGroup = 3D90ABAC2712CA470033496D /* Products */;
			projectDirPath = "";
			projectRoot = "";
			targets = (
				3D90ABAA2712CA470033496D /* MyPlaces */,
			);
		};
/* End PBXProject section */

/* Begin PBXResourcesBuildPhase section */
		3D90ABA92712CA470033496D /* Resources */ = {
			isa = PBXResourcesBuildPhase;
			buildActionMask = 2147483647;
			files = (
				3D90ABBB2712CA480033496D /* LaunchScreen.storyboard in Resources */,
				3D90ABB82712CA480033496D /* Assets.xcassets in Resources */,
				3D90ABB62712CA470033496D /* Main.storyboard in Resources */,
			);
			runOnlyForDeploymentPostprocessing = 0;
		};
/* End PBXResourcesBuildPhase section */

/* Begin PBXShellScriptBuildPhase section */
		697B941F0978525DE82C8B0E /* [CP] Check Pods Manifest.lock */ = {
			isa = PBXShellScriptBuildPhase;
			buildActionMask = 2147483647;
			files = (
			);
			inputFileListPaths = (
			);
			inputPaths = (
				"${PODS_PODFILE_DIR_PATH}/Podfile.lock",
				"${PODS_ROOT}/Manifest.lock",
			);
			name = "[CP] Check Pods Manifest.lock";
			outputFileListPaths = (
			);
			outputPaths = (
				"$(DERIVED_FILE_DIR)/Pods-MyPlaces-checkManifestLockResult.txt",
			);
			runOnlyForDeploymentPostprocessing = 0;
			shellPath = /bin/sh;
			shellScript = "diff \"${PODS_PODFILE_DIR_PATH}/Podfile.lock\" \"${PODS_ROOT}/Manifest.lock\" > /dev/null\nif [ $? != 0 ] ; then\n    # print error to STDERR\n    echo \"error: The sandbox is not in sync with the Podfile.lock. Run 'pod install' or update your CocoaPods installation.\" >&2\n    exit 1\nfi\n# This output is used by Xcode 'outputs' to avoid re-running this script phase.\necho \"SUCCESS\" > \"${SCRIPT_OUTPUT_FILE_0}\"\n";
			showEnvVarsInLog = 0;
		};
		D8906515ED06D6E77CBEEA15 /* [CP] Embed Pods Frameworks */ = {
			isa = PBXShellScriptBuildPhase;
			buildActionMask = 2147483647;
			files = (
			);
			inputFileListPaths = (
				"${PODS_ROOT}/Target Support Files/Pods-MyPlaces/Pods-MyPlaces-frameworks-${CONFIGURATION}-input-files.xcfilelist",
			);
			name = "[CP] Embed Pods Frameworks";
			outputFileListPaths = (
				"${PODS_ROOT}/Target Support Files/Pods-MyPlaces/Pods-MyPlaces-frameworks-${CONFIGURATION}-output-files.xcfilelist",
			);
			runOnlyForDeploymentPostprocessing = 0;
			shellPath = /bin/sh;
			shellScript = "\"${PODS_ROOT}/Target Support Files/Pods-MyPlaces/Pods-MyPlaces-frameworks.sh\"\n";
			showEnvVarsInLog = 0;
		};
/* End PBXShellScriptBuildPhase section */

/* Begin PBXSourcesBuildPhase section */
		3D90ABA72712CA470033496D /* Sources */ = {
			isa = PBXSourcesBuildPhase;
			buildActionMask = 2147483647;
			files = (
				3D90ABC32712CECC0033496D /* MainViewController.swift in Sources */,
				3D90ABC9271334AD0033496D /* NewPlaceViewController.swift in Sources */,
				3D90ABAF2712CA470033496D /* AppDelegate.swift in Sources */,
				3D798AD42715D785005F79DE /* StorageManager.swift in Sources */,
				3DF860CE27181C630033315D /* MapViewController.swift in Sources */,
				3D798AD6271713E2005F79DE /* RatingControl.swift in Sources */,
				3DF860D02719833C0033315D /* MapManager.swift in Sources */,
				3D90ABC727131B700033496D /* PlaceModel.swift in Sources */,
				3D90ABC52712EF3A0033496D /* CustomTableViewCell.swift in Sources */,
				3D90ABB12712CA470033496D /* SceneDelegate.swift in Sources */,
			);
			runOnlyForDeploymentPostprocessing = 0;
		};
/* End PBXSourcesBuildPhase section */

/* Begin PBXVariantGroup section */
		3D90ABB42712CA470033496D /* Main.storyboard */ = {
			isa = PBXVariantGroup;
			children = (
				3D90ABB52712CA470033496D /* Base */,
			);
			name = Main.storyboard;
			sourceTree = "<group>";
		};
		3D90ABB92712CA480033496D /* LaunchScreen.storyboard */ = {
			isa = PBXVariantGroup;
			children = (
				3D90ABBA2712CA480033496D /* Base */,
			);
			name = LaunchScreen.storyboard;
			sourceTree = "<group>";
		};
/* End PBXVariantGroup section */

/* Begin XCBuildConfiguration section */
		3D90ABBD2712CA480033496D /* Debug */ = {
			isa = XCBuildConfiguration;
			buildSettings = {
				ALWAYS_SEARCH_USER_PATHS = NO;
				CLANG_ANALYZER_NONNULL = YES;
				CLANG_ANALYZER_NUMBER_OBJECT_CONVERSION = YES_AGGRESSIVE;
				CLANG_CXX_LANGUAGE_STANDARD = "gnu++17";
				CLANG_CXX_LIBRARY = "libc++";
				CLANG_ENABLE_MODULES = YES;
				CLANG_ENABLE_OBJC_ARC = YES;
				CLANG_ENABLE_OBJC_WEAK = YES;
				CLANG_WARN_BLOCK_CAPTURE_AUTORELEASING = YES;
				CLANG_WARN_BOOL_CONVERSION = YES;
				CLANG_WARN_COMMA = YES;
				CLANG_WARN_CONSTANT_CONVERSION = YES;
				CLANG_WARN_DEPRECATED_OBJC_IMPLEMENTATIONS = YES;
				CLANG_WARN_DIRECT_OBJC_ISA_USAGE = YES_ERROR;
				CLANG_WARN_DOCUMENTATION_COMMENTS = YES;
				CLANG_WARN_EMPTY_BODY = YES;
				CLANG_WARN_ENUM_CONVERSION = YES;
				CLANG_WARN_INFINITE_RECURSION = YES;
				CLANG_WARN_INT_CONVERSION = YES;
				CLANG_WARN_NON_LITERAL_NULL_CONVERSION = YES;
				CLANG_WARN_OBJC_IMPLICIT_RETAIN_SELF = YES;
				CLANG_WARN_OBJC_LITERAL_CONVERSION = YES;
				CLANG_WARN_OBJC_ROOT_CLASS = YES_ERROR;
				CLANG_WARN_QUOTED_INCLUDE_IN_FRAMEWORK_HEADER = YES;
				CLANG_WARN_RANGE_LOOP_ANALYSIS = YES;
				CLANG_WARN_STRICT_PROTOTYPES = YES;
				CLANG_WARN_SUSPICIOUS_MOVE = YES;
				CLANG_WARN_UNGUARDED_AVAILABILITY = YES_AGGRESSIVE;
				CLANG_WARN_UNREACHABLE_CODE = YES;
				CLANG_WARN__DUPLICATE_METHOD_MATCH = YES;
				COPY_PHASE_STRIP = NO;
				DEBUG_INFORMATION_FORMAT = dwarf;
				ENABLE_STRICT_OBJC_MSGSEND = YES;
				ENABLE_TESTABILITY = YES;
				GCC_C_LANGUAGE_STANDARD = gnu11;
				GCC_DYNAMIC_NO_PIC = NO;
				GCC_NO_COMMON_BLOCKS = YES;
				GCC_OPTIMIZATION_LEVEL = 0;
				GCC_PREPROCESSOR_DEFINITIONS = (
					"DEBUG=1",
					"$(inherited)",
				);
				GCC_WARN_64_TO_32_BIT_CONVERSION = YES;
				GCC_WARN_ABOUT_RETURN_TYPE = YES_ERROR;
				GCC_WARN_UNDECLARED_SELECTOR = YES;
				GCC_WARN_UNINITIALIZED_AUTOS = YES_AGGRESSIVE;
				GCC_WARN_UNUSED_FUNCTION = YES;
				GCC_WARN_UNUSED_VARIABLE = YES;
				IPHONEOS_DEPLOYMENT_TARGET = 15.0;
				MTL_ENABLE_DEBUG_INFO = INCLUDE_SOURCE;
				MTL_FAST_MATH = YES;
				ONLY_ACTIVE_ARCH = YES;
				SDKROOT = iphoneos;
				SWIFT_ACTIVE_COMPILATION_CONDITIONS = DEBUG;
				SWIFT_OPTIMIZATION_LEVEL = "-Onone";
			};
			name = Debug;
		};
		3D90ABBE2712CA480033496D /* Release */ = {
			isa = XCBuildConfiguration;
			buildSettings = {
				ALWAYS_SEARCH_USER_PATHS = NO;
				CLANG_ANALYZER_NONNULL = YES;
				CLANG_ANALYZER_NUMBER_OBJECT_CONVERSION = YES_AGGRESSIVE;
				CLANG_CXX_LANGUAGE_STANDARD = "gnu++17";
				CLANG_CXX_LIBRARY = "libc++";
				CLANG_ENABLE_MODULES = YES;
				CLANG_ENABLE_OBJC_ARC = YES;
				CLANG_ENABLE_OBJC_WEAK = YES;
				CLANG_WARN_BLOCK_CAPTURE_AUTORELEASING = YES;
				CLANG_WARN_BOOL_CONVERSION = YES;
				CLANG_WARN_COMMA = YES;
				CLANG_WARN_CONSTANT_CONVERSION = YES;
				CLANG_WARN_DEPRECATED_OBJC_IMPLEMENTATIONS = YES;
				CLANG_WARN_DIRECT_OBJC_ISA_USAGE = YES_ERROR;
				CLANG_WARN_DOCUMENTATION_COMMENTS = YES;
				CLANG_WARN_EMPTY_BODY = YES;
				CLANG_WARN_ENUM_CONVERSION = YES;
				CLANG_WARN_INFINITE_RECURSION = YES;
				CLANG_WARN_INT_CONVERSION = YES;
				CLANG_WARN_NON_LITERAL_NULL_CONVERSION = YES;
				CLANG_WARN_OBJC_IMPLICIT_RETAIN_SELF = YES;
				CLANG_WARN_OBJC_LITERAL_CONVERSION = YES;
				CLANG_WARN_OBJC_ROOT_CLASS = YES_ERROR;
				CLANG_WARN_QUOTED_INCLUDE_IN_FRAMEWORK_HEADER = YES;
				CLANG_WARN_RANGE_LOOP_ANALYSIS = YES;
				CLANG_WARN_STRICT_PROTOTYPES = YES;
				CLANG_WARN_SUSPICIOUS_MOVE = YES;
				CLANG_WARN_UNGUARDED_AVAILABILITY = YES_AGGRESSIVE;
				CLANG_WARN_UNREACHABLE_CODE = YES;
				CLANG_WARN__DUPLICATE_METHOD_MATCH = YES;
				COPY_PHASE_STRIP = NO;
				DEBUG_INFORMATION_FORMAT = "dwarf-with-dsym";
				ENABLE_NS_ASSERTIONS = NO;
				ENABLE_STRICT_OBJC_MSGSEND = YES;
				GCC_C_LANGUAGE_STANDARD = gnu11;
				GCC_NO_COMMON_BLOCKS = YES;
				GCC_WARN_64_TO_32_BIT_CONVERSION = YES;
				GCC_WARN_ABOUT_RETURN_TYPE = YES_ERROR;
				GCC_WARN_UNDECLARED_SELECTOR = YES;
				GCC_WARN_UNINITIALIZED_AUTOS = YES_AGGRESSIVE;
				GCC_WARN_UNUSED_FUNCTION = YES;
				GCC_WARN_UNUSED_VARIABLE = YES;
				IPHONEOS_DEPLOYMENT_TARGET = 15.0;
				MTL_ENABLE_DEBUG_INFO = NO;
				MTL_FAST_MATH = YES;
				SDKROOT = iphoneos;
				SWIFT_COMPILATION_MODE = wholemodule;
				SWIFT_OPTIMIZATION_LEVEL = "-O";
				VALIDATE_PRODUCT = YES;
			};
			name = Release;
		};
		3D90ABC02712CA480033496D /* Debug */ = {
			isa = XCBuildConfiguration;
			baseConfigurationReference = 34999BBAA1C8A9A58898414F /* Pods-MyPlaces.debug.xcconfig */;
			buildSettings = {
				ASSETCATALOG_COMPILER_APPICON_NAME = AppIcon;
				ASSETCATALOG_COMPILER_GLOBAL_ACCENT_COLOR_NAME = AccentColor;
				CODE_SIGN_STYLE = Automatic;
				CURRENT_PROJECT_VERSION = 1;
				DEVELOPMENT_TEAM = 5CJLGV2VHN;
				GENERATE_INFOPLIST_FILE = YES;
				INFOPLIST_FILE = MyPlaces/Info.plist;
				INFOPLIST_KEY_UIApplicationSupportsIndirectInputEvents = YES;
				INFOPLIST_KEY_UILaunchStoryboardName = LaunchScreen;
				INFOPLIST_KEY_UIMainStoryboardFile = Main;
				INFOPLIST_KEY_UISupportedInterfaceOrientations_iPad = "UIInterfaceOrientationPortrait UIInterfaceOrientationPortraitUpsideDown UIInterfaceOrientationLandscapeLeft UIInterfaceOrientationLandscapeRight";
				INFOPLIST_KEY_UISupportedInterfaceOrientations_iPhone = "UIInterfaceOrientationPortrait UIInterfaceOrientationLandscapeLeft UIInterfaceOrientationLandscapeRight";
				LD_RUNPATH_SEARCH_PATHS = (
					"$(inherited)",
					"@executable_path/Frameworks",
				);
				MARKETING_VERSION = 1.0;
				PRODUCT_BUNDLE_IDENTIFIER = "-.MyPlaces";
				PRODUCT_NAME = "$(TARGET_NAME)";
				SWIFT_EMIT_LOC_STRINGS = YES;
				SWIFT_VERSION = 5.0;
				TARGETED_DEVICE_FAMILY = "1,2";
			};
			name = Debug;
		};
		3D90ABC12712CA480033496D /* Release */ = {
			isa = XCBuildConfiguration;
			baseConfigurationReference = D41EAE98034CCB512BFC5EBA /* Pods-MyPlaces.release.xcconfig */;
			buildSettings = {
				ASSETCATALOG_COMPILER_APPICON_NAME = AppIcon;
				ASSETCATALOG_COMPILER_GLOBAL_ACCENT_COLOR_NAME = AccentColor;
				CODE_SIGN_STYLE = Automatic;
				CURRENT_PROJECT_VERSION = 1;
				DEVELOPMENT_TEAM = 5CJLGV2VHN;
				GENERATE_INFOPLIST_FILE = YES;
				INFOPLIST_FILE = MyPlaces/Info.plist;
				INFOPLIST_KEY_UIApplicationSupportsIndirectInputEvents = YES;
				INFOPLIST_KEY_UILaunchStoryboardName = LaunchScreen;
				INFOPLIST_KEY_UIMainStoryboardFile = Main;
				INFOPLIST_KEY_UISupportedInterfaceOrientations_iPad = "UIInterfaceOrientationPortrait UIInterfaceOrientationPortraitUpsideDown UIInterfaceOrientationLandscapeLeft UIInterfaceOrientationLandscapeRight";
				INFOPLIST_KEY_UISupportedInterfaceOrientations_iPhone = "UIInterfaceOrientationPortrait UIInterfaceOrientationLandscapeLeft UIInterfaceOrientationLandscapeRight";
				LD_RUNPATH_SEARCH_PATHS = (
					"$(inherited)",
					"@executable_path/Frameworks",
				);
				MARKETING_VERSION = 1.0;
				PRODUCT_BUNDLE_IDENTIFIER = "-.MyPlaces";
				PRODUCT_NAME = "$(TARGET_NAME)";
				SWIFT_EMIT_LOC_STRINGS = YES;
				SWIFT_VERSION = 5.0;
				TARGETED_DEVICE_FAMILY = "1,2";
			};
			name = Release;
		};
/* End XCBuildConfiguration section */

/* Begin XCConfigurationList section */
		3D90ABA62712CA470033496D /* Build configuration list for PBXProject "MyPlaces" */ = {
			isa = XCConfigurationList;
			buildConfigurations = (
				3D90ABBD2712CA480033496D /* Debug */,
				3D90ABBE2712CA480033496D /* Release */,
			);
			defaultConfigurationIsVisible = 0;
			defaultConfigurationName = Release;
		};
		3D90ABBF2712CA480033496D /* Build configuration list for PBXNativeTarget "MyPlaces" */ = {
			isa = XCConfigurationList;
			buildConfigurations = (
				3D90ABC02712CA480033496D /* Debug */,
				3D90ABC12712CA480033496D /* Release */,
			);
			defaultConfigurationIsVisible = 0;
			defaultConfigurationName = Release;
		};
/* End XCConfigurationList section */
	};
	rootObject = 3D90ABA32712CA470033496D /* Project object */;
}
